// !$*UTF8*$!
{
	archiveVersion = 1;
	classes = {
	};
	objectVersion = 56;
	objects = {

/* Begin PBXBuildFile section */
		613FD37E2CC1304D00F9D925 /* HTTP.swift in Sources */ = {isa = PBXBuildFile; fileRef = 613FD37D2CC1304D00F9D925 /* HTTP.swift */; };
		613FD3802CC1315400F9D925 /* EndPoint.swift in Sources */ = {isa = PBXBuildFile; fileRef = 613FD37F2CC1315400F9D925 /* EndPoint.swift */; };
		613FD3822CC159FD00F9D925 /* CoinService.swift in Sources */ = {isa = PBXBuildFile; fileRef = 613FD3812CC159FD00F9D925 /* CoinService.swift */; };
		613FD3842CC2431700F9D925 /* HomeControllerViewModel.swift in Sources */ = {isa = PBXBuildFile; fileRef = 613FD3832CC2431700F9D925 /* HomeControllerViewModel.swift */; };
		613FD3872CC2642D00F9D925 /* SDWebImage in Frameworks */ = {isa = PBXBuildFile; productRef = 613FD3862CC2642D00F9D925 /* SDWebImage */; };
		613FD3892CC2642D00F9D925 /* SDWebImageMapKit in Frameworks */ = {isa = PBXBuildFile; productRef = 613FD3882CC2642D00F9D925 /* SDWebImageMapKit */; };
		617FCFE52CB93B7700ADB412 /* ViewCryptoController.swift in Sources */ = {isa = PBXBuildFile; fileRef = 617FCFE42CB93B7700ADB412 /* ViewCryptoController.swift */; };
		61C254072CB9090F00C5A792 /* AppDelegate.swift in Sources */ = {isa = PBXBuildFile; fileRef = 61C254062CB9090F00C5A792 /* AppDelegate.swift */; };
		61C254112CB9090F00C5A792 /* CryptoAppMVVM.xcdatamodeld in Sources */ = {isa = PBXBuildFile; fileRef = 61C2540F2CB9090F00C5A792 /* CryptoAppMVVM.xcdatamodeld */; };
		61C254132CB9091000C5A792 /* Assets.xcassets in Resources */ = {isa = PBXBuildFile; fileRef = 61C254122CB9091000C5A792 /* Assets.xcassets */; };
		61C254162CB9091000C5A792 /* Base in Resources */ = {isa = PBXBuildFile; fileRef = 61C254152CB9091000C5A792 /* Base */; };
		61C254242CB90A8200C5A792 /* HomeController.swift in Sources */ = {isa = PBXBuildFile; fileRef = 61C254232CB90A8200C5A792 /* HomeController.swift */; };
		61C254262CB90AFE00C5A792 /* Constants.swift in Sources */ = {isa = PBXBuildFile; fileRef = 61C254252CB90AFE00C5A792 /* Constants.swift */; };
		61C254282CB91B7900C5A792 /* Coin.swift in Sources */ = {isa = PBXBuildFile; fileRef = 61C254272CB91B7900C5A792 /* Coin.swift */; };
		61C2542A2CB91DEE00C5A792 /* CoinCell.swift in Sources */ = {isa = PBXBuildFile; fileRef = 61C254292CB91DEE00C5A792 /* CoinCell.swift */; };
		61C445182CC11D38004A384A /* CoinError.swift in Sources */ = {isa = PBXBuildFile; fileRef = 61C445172CC11D38004A384A /* CoinError.swift */; };
		61FD633F2CC1064800776194 /* ViewCryptoControllerViewModel.swift in Sources */ = {isa = PBXBuildFile; fileRef = 61FD633E2CC1064800776194 /* ViewCryptoControllerViewModel.swift */; };
/* End PBXBuildFile section */

/* Begin PBXFileReference section */
		613FD37D2CC1304D00F9D925 /* HTTP.swift */ = {isa = PBXFileReference; lastKnownFileType = sourcecode.swift; path = HTTP.swift; sourceTree = "<group>"; };
		613FD37F2CC1315400F9D925 /* EndPoint.swift */ = {isa = PBXFileReference; lastKnownFileType = sourcecode.swift; path = EndPoint.swift; sourceTree = "<group>"; };
		613FD3812CC159FD00F9D925 /* CoinService.swift */ = {isa = PBXFileReference; lastKnownFileType = sourcecode.swift; path = CoinService.swift; sourceTree = "<group>"; };
		613FD3832CC2431700F9D925 /* HomeControllerViewModel.swift */ = {isa = PBXFileReference; lastKnownFileType = sourcecode.swift; path = HomeControllerViewModel.swift; sourceTree = "<group>"; };
		617FCFE02CB934C100ADB412 /* Info.plist */ = {isa = PBXFileReference; lastKnownFileType = text.plist.xml; name = Info.plist; path = CryptoAppMVVM/Info.plist; sourceTree = "<group>"; };
		617FCFE42CB93B7700ADB412 /* ViewCryptoController.swift */ = {isa = PBXFileReference; lastKnownFileType = sourcecode.swift; path = ViewCryptoController.swift; sourceTree = "<group>"; };
		61C254032CB9090F00C5A792 /* CryptoAppMVVM.app */ = {isa = PBXFileReference; explicitFileType = wrapper.application; includeInIndex = 0; path = CryptoAppMVVM.app; sourceTree = BUILT_PRODUCTS_DIR; };
		61C254062CB9090F00C5A792 /* AppDelegate.swift */ = {isa = PBXFileReference; lastKnownFileType = sourcecode.swift; path = AppDelegate.swift; sourceTree = "<group>"; };
		61C254102CB9090F00C5A792 /* CryptoAppMVVM.xcdatamodel */ = {isa = PBXFileReference; lastKnownFileType = wrapper.xcdatamodel; path = CryptoAppMVVM.xcdatamodel; sourceTree = "<group>"; };
		61C254122CB9091000C5A792 /* Assets.xcassets */ = {isa = PBXFileReference; lastKnownFileType = folder.assetcatalog; path = Assets.xcassets; sourceTree = "<group>"; };
		61C254152CB9091000C5A792 /* Base */ = {isa = PBXFileReference; lastKnownFileType = file.storyboard; name = Base; path = Base.lproj/LaunchScreen.storyboard; sourceTree = "<group>"; };
		61C254232CB90A8200C5A792 /* HomeController.swift */ = {isa = PBXFileReference; lastKnownFileType = sourcecode.swift; path = HomeController.swift; sourceTree = "<group>"; };
		61C254252CB90AFE00C5A792 /* Constants.swift */ = {isa = PBXFileReference; lastKnownFileType = sourcecode.swift; path = Constants.swift; sourceTree = "<group>"; };
		61C254272CB91B7900C5A792 /* Coin.swift */ = {isa = PBXFileReference; lastKnownFileType = sourcecode.swift; path = Coin.swift; sourceTree = "<group>"; };
		61C254292CB91DEE00C5A792 /* CoinCell.swift */ = {isa = PBXFileReference; lastKnownFileType = sourcecode.swift; path = CoinCell.swift; sourceTree = "<group>"; };
		61C445172CC11D38004A384A /* CoinError.swift */ = {isa = PBXFileReference; lastKnownFileType = sourcecode.swift; path = CoinError.swift; sourceTree = "<group>"; };
		61FD633E2CC1064800776194 /* ViewCryptoControllerViewModel.swift */ = {isa = PBXFileReference; lastKnownFileType = sourcecode.swift; path = ViewCryptoControllerViewModel.swift; sourceTree = "<group>"; };
/* End PBXFileReference section */

/* Begin PBXFrameworksBuildPhase section */
		61C254002CB9090F00C5A792 /* Frameworks */ = {
			isa = PBXFrameworksBuildPhase;
			buildActionMask = 2147483647;
			files = (
				613FD3892CC2642D00F9D925 /* SDWebImageMapKit in Frameworks */,
				613FD3872CC2642D00F9D925 /* SDWebImage in Frameworks */,
			);
			runOnlyForDeploymentPostprocessing = 0;
		};
/* End PBXFrameworksBuildPhase section */

/* Begin PBXGroup section */
		61C253FA2CB9090F00C5A792 = {
			isa = PBXGroup;
			children = (
				617FCFE02CB934C100ADB412 /* Info.plist */,
				61C254052CB9090F00C5A792 /* CryptoAppMVVM */,
				61C254042CB9090F00C5A792 /* Products */,
			);
			sourceTree = "<group>";
		};
		61C254042CB9090F00C5A792 /* Products */ = {
			isa = PBXGroup;
			children = (
				61C254032CB9090F00C5A792 /* CryptoAppMVVM.app */,
			);
			name = Products;
			sourceTree = "<group>";
		};
		61C254052CB9090F00C5A792 /* CryptoAppMVVM */ = {
			isa = PBXGroup;
			children = (
				61C254222CB90A4300C5A792 /* API */,
				61C254212CB90A3E00C5A792 /* Models */,
				61C254202CB90A2E00C5A792 /* Views */,
				61C2541F2CB90A1B00C5A792 /* ViewModels */,
				61C2541E2CB90A0D00C5A792 /* Controllers */,
				61C2541D2CB909E800C5A792 /* Supporting */,
				61C2540F2CB9090F00C5A792 /* CryptoAppMVVM.xcdatamodeld */,
			);
			path = CryptoAppMVVM;
			sourceTree = "<group>";
		};
		61C2541D2CB909E800C5A792 /* Supporting */ = {
			isa = PBXGroup;
			children = (
				61C254062CB9090F00C5A792 /* AppDelegate.swift */,
				61C254252CB90AFE00C5A792 /* Constants.swift */,
				61C254122CB9091000C5A792 /* Assets.xcassets */,
				61C254142CB9091000C5A792 /* LaunchScreen.storyboard */,
			);
			path = Supporting;
			sourceTree = "<group>";
		};
		61C2541E2CB90A0D00C5A792 /* Controllers */ = {
			isa = PBXGroup;
			children = (
				61C254232CB90A8200C5A792 /* HomeController.swift */,
				617FCFE42CB93B7700ADB412 /* ViewCryptoController.swift */,
			);
			path = Controllers;
			sourceTree = "<group>";
		};
		61C2541F2CB90A1B00C5A792 /* ViewModels */ = {
			isa = PBXGroup;
			children = (
				613FD3832CC2431700F9D925 /* HomeControllerViewModel.swift */,
				61FD633E2CC1064800776194 /* ViewCryptoControllerViewModel.swift */,
			);
			path = ViewModels;
			sourceTree = "<group>";
		};
		61C254202CB90A2E00C5A792 /* Views */ = {
			isa = PBXGroup;
			children = (
				61C254292CB91DEE00C5A792 /* CoinCell.swift */,
			);
			path = Views;
			sourceTree = "<group>";
		};
		61C254212CB90A3E00C5A792 /* Models */ = {
			isa = PBXGroup;
			children = (
				61C254272CB91B7900C5A792 /* Coin.swift */,
				61C445172CC11D38004A384A /* CoinError.swift */,
			);
			path = Models;
			sourceTree = "<group>";
		};
		61C254222CB90A4300C5A792 /* API */ = {
			isa = PBXGroup;
			children = (
				613FD37D2CC1304D00F9D925 /* HTTP.swift */,
				613FD37F2CC1315400F9D925 /* EndPoint.swift */,
				613FD3812CC159FD00F9D925 /* CoinService.swift */,
			);
			path = API;
			sourceTree = "<group>";
		};
/* End PBXGroup section */

/* Begin PBXNativeTarget section */
		61C254022CB9090F00C5A792 /* CryptoAppMVVM */ = {
			isa = PBXNativeTarget;
			buildConfigurationList = 61C2541A2CB9091000C5A792 /* Build configuration list for PBXNativeTarget "CryptoAppMVVM" */;
			buildPhases = (
				61C253FF2CB9090F00C5A792 /* Sources */,
				61C254002CB9090F00C5A792 /* Frameworks */,
				61C254012CB9090F00C5A792 /* Resources */,
			);
			buildRules = (
			);
			dependencies = (
			);
			name = CryptoAppMVVM;
			packageProductDependencies = (
				613FD3862CC2642D00F9D925 /* SDWebImage */,
				613FD3882CC2642D00F9D925 /* SDWebImageMapKit */,
			);
			productName = CryptoAppMVVM;
			productReference = 61C254032CB9090F00C5A792 /* CryptoAppMVVM.app */;
			productType = "com.apple.product-type.application";
		};
/* End PBXNativeTarget section */

/* Begin PBXProject section */
		61C253FB2CB9090F00C5A792 /* Project object */ = {
			isa = PBXProject;
			attributes = {
				BuildIndependentTargetsInParallel = 1;
				LastSwiftUpdateCheck = 1540;
				LastUpgradeCheck = 1540;
				TargetAttributes = {
					61C254022CB9090F00C5A792 = {
						CreatedOnToolsVersion = 15.4;
					};
				};
			};
			buildConfigurationList = 61C253FE2CB9090F00C5A792 /* Build configuration list for PBXProject "CryptoAppMVVM" */;
			compatibilityVersion = "Xcode 14.0";
			developmentRegion = en;
			hasScannedForEncodings = 0;
			knownRegions = (
				en,
				Base,
			);
			mainGroup = 61C253FA2CB9090F00C5A792;
			packageReferences = (
				613FD3852CC2642C00F9D925 /* XCRemoteSwiftPackageReference "SDWebImage" */,
			);
			productRefGroup = 61C254042CB9090F00C5A792 /* Products */;
			projectDirPath = "";
			projectRoot = "";
			targets = (
				61C254022CB9090F00C5A792 /* CryptoAppMVVM */,
			);
		};
/* End PBXProject section */

/* Begin PBXResourcesBuildPhase section */
		61C254012CB9090F00C5A792 /* Resources */ = {
			isa = PBXResourcesBuildPhase;
			buildActionMask = 2147483647;
			files = (
				61C254132CB9091000C5A792 /* Assets.xcassets in Resources */,
				61C254162CB9091000C5A792 /* Base in Resources */,
			);
			runOnlyForDeploymentPostprocessing = 0;
		};
/* End PBXResourcesBuildPhase section */

/* Begin PBXSourcesBuildPhase section */
		61C253FF2CB9090F00C5A792 /* Sources */ = {
			isa = PBXSourcesBuildPhase;
			buildActionMask = 2147483647;
			files = (
				61C254242CB90A8200C5A792 /* HomeController.swift in Sources */,
				61C254072CB9090F00C5A792 /* AppDelegate.swift in Sources */,
				61FD633F2CC1064800776194 /* ViewCryptoControllerViewModel.swift in Sources */,
				617FCFE52CB93B7700ADB412 /* ViewCryptoController.swift in Sources */,
				613FD3802CC1315400F9D925 /* EndPoint.swift in Sources */,
				61C254112CB9090F00C5A792 /* CryptoAppMVVM.xcdatamodeld in Sources */,
				613FD37E2CC1304D00F9D925 /* HTTP.swift in Sources */,
				61C445182CC11D38004A384A /* CoinError.swift in Sources */,
				613FD3842CC2431700F9D925 /* HomeControllerViewModel.swift in Sources */,
				61C254282CB91B7900C5A792 /* Coin.swift in Sources */,
				61C2542A2CB91DEE00C5A792 /* CoinCell.swift in Sources */,
				613FD3822CC159FD00F9D925 /* CoinService.swift in Sources */,
				61C254262CB90AFE00C5A792 /* Constants.swift in Sources */,
			);
			runOnlyForDeploymentPostprocessing = 0;
		};
/* End PBXSourcesBuildPhase section */

/* Begin PBXVariantGroup section */
		61C254142CB9091000C5A792 /* LaunchScreen.storyboard */ = {
			isa = PBXVariantGroup;
			children = (
				61C254152CB9091000C5A792 /* Base */,
			);
			name = LaunchScreen.storyboard;
			sourceTree = "<group>";
		};
/* End PBXVariantGroup section */

/* Begin XCBuildConfiguration section */
		61C254182CB9091000C5A792 /* Debug */ = {
			isa = XCBuildConfiguration;
			buildSettings = {
				ALWAYS_SEARCH_USER_PATHS = NO;
				ASSETCATALOG_COMPILER_GENERATE_SWIFT_ASSET_SYMBOL_EXTENSIONS = YES;
				CLANG_ANALYZER_NONNULL = YES;
				CLANG_ANALYZER_NUMBER_OBJECT_CONVERSION = YES_AGGRESSIVE;
				CLANG_CXX_LANGUAGE_STANDARD = "gnu++20";
				CLANG_ENABLE_MODULES = YES;
				CLANG_ENABLE_OBJC_ARC = YES;
				CLANG_ENABLE_OBJC_WEAK = YES;
				CLANG_WARN_BLOCK_CAPTURE_AUTORELEASING = YES;
				CLANG_WARN_BOOL_CONVERSION = YES;
				CLANG_WARN_COMMA = YES;
				CLANG_WARN_CONSTANT_CONVERSION = YES;
				CLANG_WARN_DEPRECATED_OBJC_IMPLEMENTATIONS = YES;
				CLANG_WARN_DIRECT_OBJC_ISA_USAGE = YES_ERROR;
				CLANG_WARN_DOCUMENTATION_COMMENTS = YES;
				CLANG_WARN_EMPTY_BODY = YES;
				CLANG_WARN_ENUM_CONVERSION = YES;
				CLANG_WARN_INFINITE_RECURSION = YES;
				CLANG_WARN_INT_CONVERSION = YES;
				CLANG_WARN_NON_LITERAL_NULL_CONVERSION = YES;
				CLANG_WARN_OBJC_IMPLICIT_RETAIN_SELF = YES;
				CLANG_WARN_OBJC_LITERAL_CONVERSION = YES;
				CLANG_WARN_OBJC_ROOT_CLASS = YES_ERROR;
				CLANG_WARN_QUOTED_INCLUDE_IN_FRAMEWORK_HEADER = YES;
				CLANG_WARN_RANGE_LOOP_ANALYSIS = YES;
				CLANG_WARN_STRICT_PROTOTYPES = YES;
				CLANG_WARN_SUSPICIOUS_MOVE = YES;
				CLANG_WARN_UNGUARDED_AVAILABILITY = YES_AGGRESSIVE;
				CLANG_WARN_UNREACHABLE_CODE = YES;
				CLANG_WARN__DUPLICATE_METHOD_MATCH = YES;
				COPY_PHASE_STRIP = NO;
				DEBUG_INFORMATION_FORMAT = dwarf;
				ENABLE_STRICT_OBJC_MSGSEND = YES;
				ENABLE_TESTABILITY = YES;
				ENABLE_USER_SCRIPT_SANDBOXING = YES;
				GCC_C_LANGUAGE_STANDARD = gnu17;
				GCC_DYNAMIC_NO_PIC = NO;
				GCC_NO_COMMON_BLOCKS = YES;
				GCC_OPTIMIZATION_LEVEL = 0;
				GCC_PREPROCESSOR_DEFINITIONS = (
					"DEBUG=1",
					"$(inherited)",
				);
				GCC_WARN_64_TO_32_BIT_CONVERSION = YES;
				GCC_WARN_ABOUT_RETURN_TYPE = YES_ERROR;
				GCC_WARN_UNDECLARED_SELECTOR = YES;
				GCC_WARN_UNINITIALIZED_AUTOS = YES_AGGRESSIVE;
				GCC_WARN_UNUSED_FUNCTION = YES;
				GCC_WARN_UNUSED_VARIABLE = YES;
				IPHONEOS_DEPLOYMENT_TARGET = 17.5;
				LOCALIZATION_PREFERS_STRING_CATALOGS = YES;
				MTL_ENABLE_DEBUG_INFO = INCLUDE_SOURCE;
				MTL_FAST_MATH = YES;
				ONLY_ACTIVE_ARCH = YES;
				SDKROOT = iphoneos;
				SWIFT_ACTIVE_COMPILATION_CONDITIONS = "DEBUG $(inherited)";
				SWIFT_OPTIMIZATION_LEVEL = "-Onone";
			};
			name = Debug;
		};
		61C254192CB9091000C5A792 /* Release */ = {
			isa = XCBuildConfiguration;
			buildSettings = {
				ALWAYS_SEARCH_USER_PATHS = NO;
				ASSETCATALOG_COMPILER_GENERATE_SWIFT_ASSET_SYMBOL_EXTENSIONS = YES;
				CLANG_ANALYZER_NONNULL = YES;
				CLANG_ANALYZER_NUMBER_OBJECT_CONVERSION = YES_AGGRESSIVE;
				CLANG_CXX_LANGUAGE_STANDARD = "gnu++20";
				CLANG_ENABLE_MODULES = YES;
				CLANG_ENABLE_OBJC_ARC = YES;
				CLANG_ENABLE_OBJC_WEAK = YES;
				CLANG_WARN_BLOCK_CAPTURE_AUTORELEASING = YES;
				CLANG_WARN_BOOL_CONVERSION = YES;
				CLANG_WARN_COMMA = YES;
				CLANG_WARN_CONSTANT_CONVERSION = YES;
				CLANG_WARN_DEPRECATED_OBJC_IMPLEMENTATIONS = YES;
				CLANG_WARN_DIRECT_OBJC_ISA_USAGE = YES_ERROR;
				CLANG_WARN_DOCUMENTATION_COMMENTS = YES;
				CLANG_WARN_EMPTY_BODY = YES;
				CLANG_WARN_ENUM_CONVERSION = YES;
				CLANG_WARN_INFINITE_RECURSION = YES;
				CLANG_WARN_INT_CONVERSION = YES;
				CLANG_WARN_NON_LITERAL_NULL_CONVERSION = YES;
				CLANG_WARN_OBJC_IMPLICIT_RETAIN_SELF = YES;
				CLANG_WARN_OBJC_LITERAL_CONVERSION = YES;
				CLANG_WARN_OBJC_ROOT_CLASS = YES_ERROR;
				CLANG_WARN_QUOTED_INCLUDE_IN_FRAMEWORK_HEADER = YES;
				CLANG_WARN_RANGE_LOOP_ANALYSIS = YES;
				CLANG_WARN_STRICT_PROTOTYPES = YES;
				CLANG_WARN_SUSPICIOUS_MOVE = YES;
				CLANG_WARN_UNGUARDED_AVAILABILITY = YES_AGGRESSIVE;
				CLANG_WARN_UNREACHABLE_CODE = YES;
				CLANG_WARN__DUPLICATE_METHOD_MATCH = YES;
				COPY_PHASE_STRIP = NO;
				DEBUG_INFORMATION_FORMAT = "dwarf-with-dsym";
				ENABLE_NS_ASSERTIONS = NO;
				ENABLE_STRICT_OBJC_MSGSEND = YES;
				ENABLE_USER_SCRIPT_SANDBOXING = YES;
				GCC_C_LANGUAGE_STANDARD = gnu17;
				GCC_NO_COMMON_BLOCKS = YES;
				GCC_WARN_64_TO_32_BIT_CONVERSION = YES;
				GCC_WARN_ABOUT_RETURN_TYPE = YES_ERROR;
				GCC_WARN_UNDECLARED_SELECTOR = YES;
				GCC_WARN_UNINITIALIZED_AUTOS = YES_AGGRESSIVE;
				GCC_WARN_UNUSED_FUNCTION = YES;
				GCC_WARN_UNUSED_VARIABLE = YES;
				IPHONEOS_DEPLOYMENT_TARGET = 17.5;
				LOCALIZATION_PREFERS_STRING_CATALOGS = YES;
				MTL_ENABLE_DEBUG_INFO = NO;
				MTL_FAST_MATH = YES;
				SDKROOT = iphoneos;
				SWIFT_COMPILATION_MODE = wholemodule;
				VALIDATE_PRODUCT = YES;
			};
			name = Release;
		};
		61C2541B2CB9091000C5A792 /* Debug */ = {
			isa = XCBuildConfiguration;
			buildSettings = {
				ASSETCATALOG_COMPILER_APPICON_NAME = AppIcon;
				ASSETCATALOG_COMPILER_GLOBAL_ACCENT_COLOR_NAME = AccentColor;
				CODE_SIGN_STYLE = Automatic;
				CURRENT_PROJECT_VERSION = 1;
				DEVELOPMENT_TEAM = AAAFNRNQ43;
				GENERATE_INFOPLIST_FILE = YES;
				INFOPLIST_FILE = CryptoAppMVVM/Info.plist;
				INFOPLIST_KEY_UIApplicationSupportsIndirectInputEvents = YES;
				INFOPLIST_KEY_UILaunchStoryboardName = LaunchScreen;
				INFOPLIST_KEY_UISupportedInterfaceOrientations_iPad = "UIInterfaceOrientationPortrait UIInterfaceOrientationPortraitUpsideDown UIInterfaceOrientationLandscapeLeft UIInterfaceOrientationLandscapeRight";
				INFOPLIST_KEY_UISupportedInterfaceOrientations_iPhone = "UIInterfaceOrientationPortrait UIInterfaceOrientationLandscapeLeft UIInterfaceOrientationLandscapeRight";
				LD_RUNPATH_SEARCH_PATHS = (
					"$(inherited)",
					"@executable_path/Frameworks",
				);
				MARKETING_VERSION = 1.0;
				PRODUCT_BUNDLE_IDENTIFIER = mertpalas.CryptoAppMVVM;
				PRODUCT_NAME = "$(TARGET_NAME)";
				SWIFT_EMIT_LOC_STRINGS = YES;
				SWIFT_VERSION = 5.0;
				TARGETED_DEVICE_FAMILY = "1,2";
			};
			name = Debug;
		};
		61C2541C2CB9091000C5A792 /* Release */ = {
			isa = XCBuildConfiguration;
			buildSettings = {
				ASSETCATALOG_COMPILER_APPICON_NAME = AppIcon;
				ASSETCATALOG_COMPILER_GLOBAL_ACCENT_COLOR_NAME = AccentColor;
				CODE_SIGN_STYLE = Automatic;
				CURRENT_PROJECT_VERSION = 1;
				DEVELOPMENT_TEAM = AAAFNRNQ43;
				GENERATE_INFOPLIST_FILE = YES;
				INFOPLIST_FILE = CryptoAppMVVM/Info.plist;
				INFOPLIST_KEY_UIApplicationSupportsIndirectInputEvents = YES;
				INFOPLIST_KEY_UILaunchStoryboardName = LaunchScreen;
				INFOPLIST_KEY_UISupportedInterfaceOrientations_iPad = "UIInterfaceOrientationPortrait UIInterfaceOrientationPortraitUpsideDown UIInterfaceOrientationLandscapeLeft UIInterfaceOrientationLandscapeRight";
				INFOPLIST_KEY_UISupportedInterfaceOrientations_iPhone = "UIInterfaceOrientationPortrait UIInterfaceOrientationLandscapeLeft UIInterfaceOrientationLandscapeRight";
				LD_RUNPATH_SEARCH_PATHS = (
					"$(inherited)",
					"@executable_path/Frameworks",
				);
				MARKETING_VERSION = 1.0;
				PRODUCT_BUNDLE_IDENTIFIER = mertpalas.CryptoAppMVVM;
				PRODUCT_NAME = "$(TARGET_NAME)";
				SWIFT_EMIT_LOC_STRINGS = YES;
				SWIFT_VERSION = 5.0;
				TARGETED_DEVICE_FAMILY = "1,2";
			};
			name = Release;
		};
/* End XCBuildConfiguration section */

/* Begin XCConfigurationList section */
		61C253FE2CB9090F00C5A792 /* Build configuration list for PBXProject "CryptoAppMVVM" */ = {
			isa = XCConfigurationList;
			buildConfigurations = (
				61C254182CB9091000C5A792 /* Debug */,
				61C254192CB9091000C5A792 /* Release */,
			);
			defaultConfigurationIsVisible = 0;
			defaultConfigurationName = Release;
		};
		61C2541A2CB9091000C5A792 /* Build configuration list for PBXNativeTarget "CryptoAppMVVM" */ = {
			isa = XCConfigurationList;
			buildConfigurations = (
				61C2541B2CB9091000C5A792 /* Debug */,
				61C2541C2CB9091000C5A792 /* Release */,
			);
			defaultConfigurationIsVisible = 0;
			defaultConfigurationName = Release;
		};
/* End XCConfigurationList section */

/* Begin XCRemoteSwiftPackageReference section */
		613FD3852CC2642C00F9D925 /* XCRemoteSwiftPackageReference "SDWebImage" */ = {
			isa = XCRemoteSwiftPackageReference;
			repositoryURL = "https://github.com/SDWebImage/SDWebImage.git";
			requirement = {
				kind = upToNextMajorVersion;
				minimumVersion = 5.19.7;
			};
		};
/* End XCRemoteSwiftPackageReference section */

/* Begin XCSwiftPackageProductDependency section */
		613FD3862CC2642D00F9D925 /* SDWebImage */ = {
			isa = XCSwiftPackageProductDependency;
			package = 613FD3852CC2642C00F9D925 /* XCRemoteSwiftPackageReference "SDWebImage" */;
			productName = SDWebImage;
		};
		613FD3882CC2642D00F9D925 /* SDWebImageMapKit */ = {
			isa = XCSwiftPackageProductDependency;
			package = 613FD3852CC2642C00F9D925 /* XCRemoteSwiftPackageReference "SDWebImage" */;
			productName = SDWebImageMapKit;
		};
/* End XCSwiftPackageProductDependency section */

/* Begin XCVersionGroup section */
		61C2540F2CB9090F00C5A792 /* CryptoAppMVVM.xcdatamodeld */ = {
			isa = XCVersionGroup;
			children = (
				61C254102CB9090F00C5A792 /* CryptoAppMVVM.xcdatamodel */,
			);
			currentVersion = 61C254102CB9090F00C5A792 /* CryptoAppMVVM.xcdatamodel */;
			path = CryptoAppMVVM.xcdatamodeld;
			sourceTree = "<group>";
			versionGroupType = wrapper.xcdatamodel;
		};
/* End XCVersionGroup section */
	};
	rootObject = 61C253FB2CB9090F00C5A792 /* Project object */;
}
